# THIS IS AN AUTOGENERATED FILE. DO NOT EDIT THIS FILE DIRECTLY.
# yarn lockfile v1


"@hotwired/stimulus@>=3.0.0":
  version "3.2.1"
  resolved "https://registry.npmjs.org/@hotwired/stimulus/-/stimulus-3.2.1.tgz"
  integrity sha512-HGlzDcf9vv/EQrMJ5ZG6VWNs8Z/xMN+1o2OhV1gKiSG6CqZt5MCBB1gRg5ILiN3U0jEAxuDTNPRfBcnZBDmupQ==

hotkeys-js@>=3:
  version "3.11.2"
  resolved "https://registry.yarnpkg.com/hotkeys-js/-/hotkeys-js-3.11.2.tgz#c7893a01a1faa96db621bdd5c9baa1b4b0c7d3c0"
  integrity sha512-hLuR+wtvrVrVFHku5cud44cPXQf5ke+96TonRaGzlNSt22rh2LH65avLYFNsc+QpzMuOEQG/IxJT5mEop99rvg==

stimulus-dropdown@^2.1.0:
  version "2.1.0"
  resolved "https://registry.yarnpkg.com/stimulus-dropdown/-/stimulus-dropdown-2.1.0.tgz#22f15cd1dc247e08f04c3f95d7ab9d8102602a07"
  integrity sha512-p4Bs56/ilB2E0lfFaNajKIHZK1PMUUDnhDl74f97bn087fxIfRB7WQekVtTTWJdRlf3EIgSsDX7K1TsaLiIcLg==
  dependencies:
    stimulus-use "^0.51.1"

stimulus-use@^0.51.1:
  version "0.51.3"
  resolved "https://registry.yarnpkg.com/stimulus-use/-/stimulus-use-0.51.3.tgz#d7ac671aff8d0db253296dec89d38aa6f4b27e2a"
  integrity sha512-V4YETxMFL4/bpmcqlwFtaOaJg9sLF+XlWsvXrsoWVA5jffsqe7uAvV6gGPPQta7Hgx01vovA0yNsWUe2eU9Jmw==
  dependencies:
    hotkeys-js ">=3"

tailwindcss-stimulus-components@^3.0.4:
  version "3.0.4"
  resolved "https://registry.npmjs.org/tailwindcss-stimulus-components/-/tailwindcss-stimulus-components-3.0.4.tgz"
  integrity sha512-kv4CHEcTvZSmthV6PseSdnW/QqKh237fZrvbNKNhWeYsTuEnOrKvdbR+3CmpuTok7L4XgEXk+XOFfo7AMhhtAA==
  dependencies:
    "@hotwired/stimulus" ">=3.0.0"
